# This file is generated by running "yarn install" inside your project.
# Manual changes might be lost - proceed with caution!

__metadata:
  version: 5
  cacheKey: 8

"perf@workspace:.":
  version: 0.0.0-use.local
  resolution: "perf@workspace:."
  dependencies:
    ts-pattern: ^3.3.3
  languageName: unknown
  linkType: soft

"ts-pattern@npm:^3.3.3":
  version: 3.3.3
  resolution: "ts-pattern@npm:3.3.3"
  checksum: 64c8535fbfc4f56bb9f00c4c4fa5a47471cc4e27c618cb25bc94df3e6f7fdaebff43be0071e117aa1d12ed0fa58ee960895b3311976c64b978559aac228ef0eb
  languageName: node
  linkType: hard
